
Microsoft Visual Studio Solution File, Format Version 12.00
# Visual Studio Version 17
VisualStudioVersion = 17.7.34009.444
MinimumVisualStudioVersion = 10.0.40219.1
Project("{FAE04EC0-301F-11D3-BF4B-00C04F79EFBC}") = "MauiPlantetsExercise", "MauiPlantetsExercise\MauiPlantetsExercise.csproj", "{7D178632-E8A3-48BA-851E-489054308F81}"
EndProject
Global
	GlobalSection(SolutionConfigurationPlatforms) = preSolution
		Debug|Any CPU = Debug|Any CPU
		Release|Any CPU = Release|Any CPU
	EndGlobalSection
	GlobalSection(ProjectConfigurationPlatforms) = postSolution
		{7D178632-E8A3-48BA-851E-489054308F81}.Debug|Any CPU.ActiveCfg = Debug|Any CPU
		{7D178632-E8A3-48BA-851E-489054308F81}.Debug|Any CPU.Build.0 = Debug|Any CPU
		{7D178632-E8A3-48BA-851E-489054308F81}.Debug|Any CPU.Deploy.0 = Debug|Any CPU
		{7D178632-E8A3-48BA-851E-489054308F81}.Release|Any CPU.ActiveCfg = Release|Any CPU
		{7D178632-E8A3-48BA-851E-489054308F81}.Release|Any CPU.Build.0 = Release|Any CPU
		{7D178632-E8A3-48BA-851E-489054308F81}.Release|Any CPU.Deploy.0 = Release|Any CPU
	EndGlobalSection
	GlobalSection(SolutionProperties) = preSolution
		HideSolutionNode = FALSE
	EndGlobalSection
	GlobalSection(ExtensibilityGlobals) = postSolution
		SolutionGuid = {D01556BB-B8DB-48B0-9AC5-499359C8E64A}
	EndGlobalSection
EndGlobal
